
Microsoft Visual Studio Solution File, Format Version 12.00
# Visual Studio Version 17
VisualStudioVersion = 17.4.33205.214
MinimumVisualStudioVersion = 10.0.40219.1
Project("{2150E333-8FDC-42A3-9474-1A3956D46DE8}") = "01 Kintamieji", "01 Kintamieji", "{AB84B225-068E-4DD9-B4C5-AA1ABC203683}"
EndProject
Project("{FAE04EC0-301F-11D3-BF4B-00C04F79EFBC}") = "Kintamieji", "Kintamieji\Kintamieji.csproj", "{7C7BE540-5604-49F4-A7B0-7FBBF9F53AC7}"
EndProject
Project("{2150E333-8FDC-42A3-9474-1A3956D46DE8}") = "02 Isvedimas", "02 Isvedimas", "{D6CC07C8-A46E-4637-B29D-DAAB5E6CC315}"
EndProject
Project("{FAE04EC0-301F-11D3-BF4B-00C04F79EFBC}") = "IsvedimasDemo", "Demo\IsvedimasDemo.csproj", "{19F0EE52-5571-4714-9BB8-74427C0C1159}"
EndProject
Project("{FAE04EC0-301F-11D3-BF4B-00C04F79EFBC}") = "Uzduotis01", "Uzduotis01\Uzduotis01.csproj", "{2AE17D11-79B9-4ADB-B2CF-AF2C4F2578D6}"
EndProject
Project("{FAE04EC0-301F-11D3-BF4B-00C04F79EFBC}") = "Uzduotis04", "Uzduotis04\Uzduotis04.csproj", "{831FDB71-B281-46B5-92DA-CA27A2909676}"
EndProject
Project("{2150E333-8FDC-42A3-9474-1A3956D46DE8}") = "04 Ivedimas", "04 Ivedimas", "{43C12CB9-6ADD-4466-A814-DAE6CB3ED686}"
EndProject
Project("{FAE04EC0-301F-11D3-BF4B-00C04F79EFBC}") = "IvedimasDemo", "IvedimasDemo\IvedimasDemo.csproj", "{798FD98A-A511-460B-B32E-3C1E911DADA3}"
EndProject
Project("{2150E333-8FDC-42A3-9474-1A3956D46DE8}") = "05 If salyga", "05 If salyga", "{CC844C1C-FB07-4044-AB2B-102CA7B6E78B}"
EndProject
Project("{FAE04EC0-301F-11D3-BF4B-00C04F79EFBC}") = "IfSalygaDemo", "IfSalygaDemo\IfSalygaDemo.csproj", "{213160C0-CEF8-4B2D-9A5B-CFD569EED4FD}"
EndProject
Project("{FAE04EC0-301F-11D3-BF4B-00C04F79EFBC}") = "Uzduotis09", "Uzduotis09\Uzduotis09.csproj", "{112BF900-0126-438C-A7CF-B00D5839D39D}"
EndProject
Project("{FAE04EC0-301F-11D3-BF4B-00C04F79EFBC}") = "Uzduotis10", "Uzduotis10\Uzduotis10.csproj", "{33BD9111-22D3-45B6-A64A-7106092FCC08}"
EndProject
Project("{FAE04EC0-301F-11D3-BF4B-00C04F79EFBC}") = "Uzduotis11", "Uzduotis11\Uzduotis11.csproj", "{F1F8EC61-F052-4942-BC89-4AE92E30C35E}"
EndProject
Project("{FAE04EC0-301F-11D3-BF4B-00C04F79EFBC}") = "Uzduotis12", "Uzduotis12\Uzduotis12.csproj", "{37EF22DF-2F2B-4AC3-925E-BE55C32870B6}"
EndProject
Project("{2150E333-8FDC-42A3-9474-1A3956D46DE8}") = "03 Aritmetika", "03 Aritmetika", "{B34368CA-40CF-4449-8DA9-7837FE20A6E7}"
EndProject
Project("{FAE04EC0-301F-11D3-BF4B-00C04F79EFBC}") = "Uzduotis05", "Uzduotis05\Uzduotis05.csproj", "{C747C8F2-1688-409A-9BFC-84BF19C3BBD4}"
EndProject
Project("{FAE04EC0-301F-11D3-BF4B-00C04F79EFBC}") = "Uzduotis06", "Uzduotis06\Uzduotis06.csproj", "{386A860A-C004-44F0-AF73-448B0040B340}"
EndProject
Project("{FAE04EC0-301F-11D3-BF4B-00C04F79EFBC}") = "Uzduotis07", "Uzduotis07\Uzduotis07.csproj", "{E4CD8483-6EC6-49A4-8203-C8BF84DC8865}"
EndProject
Project("{FAE04EC0-301F-11D3-BF4B-00C04F79EFBC}") = "Uzduotis08", "Uzduotis08\Uzduotis08.csproj", "{9012878D-43D7-4CDF-B0E9-3A9CDC19F03E}"
EndProject
Project("{2150E333-8FDC-42A3-9474-1A3956D46DE8}") = "06 Switch", "06 Switch", "{4CC28EC2-78D4-4435-8C42-FBBBACD2192B}"
EndProject
Project("{FAE04EC0-301F-11D3-BF4B-00C04F79EFBC}") = "SwitchDemo", "SwitchDemo\SwitchDemo.csproj", "{6985714D-2CE3-4273-A6B4-F384E036653D}"
EndProject
Project("{2150E333-8FDC-42A3-9474-1A3956D46DE8}") = "07 For ciklas", "07 For ciklas", "{75342261-BE61-4DC0-9BCF-F48C76AB182C}"
EndProject
Project("{FAE04EC0-301F-11D3-BF4B-00C04F79EFBC}") = "ForDemo", "ForDemo\ForDemo.csproj", "{B15650F5-683A-4FFE-8EAB-432757DE180D}"
EndProject
Global
	GlobalSection(SolutionConfigurationPlatforms) = preSolution
		Debug|Any CPU = Debug|Any CPU
		Release|Any CPU = Release|Any CPU
	EndGlobalSection
	GlobalSection(ProjectConfigurationPlatforms) = postSolution
		{7C7BE540-5604-49F4-A7B0-7FBBF9F53AC7}.Debug|Any CPU.ActiveCfg = Debug|Any CPU
		{7C7BE540-5604-49F4-A7B0-7FBBF9F53AC7}.Debug|Any CPU.Build.0 = Debug|Any CPU
		{7C7BE540-5604-49F4-A7B0-7FBBF9F53AC7}.Release|Any CPU.ActiveCfg = Release|Any CPU
		{7C7BE540-5604-49F4-A7B0-7FBBF9F53AC7}.Release|Any CPU.Build.0 = Release|Any CPU
		{19F0EE52-5571-4714-9BB8-74427C0C1159}.Debug|Any CPU.ActiveCfg = Debug|Any CPU
		{19F0EE52-5571-4714-9BB8-74427C0C1159}.Debug|Any CPU.Build.0 = Debug|Any CPU
		{19F0EE52-5571-4714-9BB8-74427C0C1159}.Release|Any CPU.ActiveCfg = Release|Any CPU
		{19F0EE52-5571-4714-9BB8-74427C0C1159}.Release|Any CPU.Build.0 = Release|Any CPU
		{2AE17D11-79B9-4ADB-B2CF-AF2C4F2578D6}.Debug|Any CPU.ActiveCfg = Debug|Any CPU
		{2AE17D11-79B9-4ADB-B2CF-AF2C4F2578D6}.Debug|Any CPU.Build.0 = Debug|Any CPU
		{2AE17D11-79B9-4ADB-B2CF-AF2C4F2578D6}.Release|Any CPU.ActiveCfg = Release|Any CPU
		{2AE17D11-79B9-4ADB-B2CF-AF2C4F2578D6}.Release|Any CPU.Build.0 = Release|Any CPU
		{831FDB71-B281-46B5-92DA-CA27A2909676}.Debug|Any CPU.ActiveCfg = Debug|Any CPU
		{831FDB71-B281-46B5-92DA-CA27A2909676}.Debug|Any CPU.Build.0 = Debug|Any CPU
		{831FDB71-B281-46B5-92DA-CA27A2909676}.Release|Any CPU.ActiveCfg = Release|Any CPU
		{831FDB71-B281-46B5-92DA-CA27A2909676}.Release|Any CPU.Build.0 = Release|Any CPU
		{798FD98A-A511-460B-B32E-3C1E911DADA3}.Debug|Any CPU.ActiveCfg = Debug|Any CPU
		{798FD98A-A511-460B-B32E-3C1E911DADA3}.Debug|Any CPU.Build.0 = Debug|Any CPU
		{798FD98A-A511-460B-B32E-3C1E911DADA3}.Release|Any CPU.ActiveCfg = Release|Any CPU
		{798FD98A-A511-460B-B32E-3C1E911DADA3}.Release|Any CPU.Build.0 = Release|Any CPU
		{213160C0-CEF8-4B2D-9A5B-CFD569EED4FD}.Debug|Any CPU.ActiveCfg = Debug|Any CPU
		{213160C0-CEF8-4B2D-9A5B-CFD569EED4FD}.Debug|Any CPU.Build.0 = Debug|Any CPU
		{213160C0-CEF8-4B2D-9A5B-CFD569EED4FD}.Release|Any CPU.ActiveCfg = Release|Any CPU
		{213160C0-CEF8-4B2D-9A5B-CFD569EED4FD}.Release|Any CPU.Build.0 = Release|Any CPU
		{112BF900-0126-438C-A7CF-B00D5839D39D}.Debug|Any CPU.ActiveCfg = Debug|Any CPU
		{112BF900-0126-438C-A7CF-B00D5839D39D}.Debug|Any CPU.Build.0 = Debug|Any CPU
		{112BF900-0126-438C-A7CF-B00D5839D39D}.Release|Any CPU.ActiveCfg = Release|Any CPU
		{112BF900-0126-438C-A7CF-B00D5839D39D}.Release|Any CPU.Build.0 = Release|Any CPU
		{33BD9111-22D3-45B6-A64A-7106092FCC08}.Debug|Any CPU.ActiveCfg = Debug|Any CPU
		{33BD9111-22D3-45B6-A64A-7106092FCC08}.Debug|Any CPU.Build.0 = Debug|Any CPU
		{33BD9111-22D3-45B6-A64A-7106092FCC08}.Release|Any CPU.ActiveCfg = Release|Any CPU
		{33BD9111-22D3-45B6-A64A-7106092FCC08}.Release|Any CPU.Build.0 = Release|Any CPU
		{F1F8EC61-F052-4942-BC89-4AE92E30C35E}.Debug|Any CPU.ActiveCfg = Debug|Any CPU
		{F1F8EC61-F052-4942-BC89-4AE92E30C35E}.Debug|Any CPU.Build.0 = Debug|Any CPU
		{F1F8EC61-F052-4942-BC89-4AE92E30C35E}.Release|Any CPU.ActiveCfg = Release|Any CPU
		{F1F8EC61-F052-4942-BC89-4AE92E30C35E}.Release|Any CPU.Build.0 = Release|Any CPU
		{37EF22DF-2F2B-4AC3-925E-BE55C32870B6}.Debug|Any CPU.ActiveCfg = Debug|Any CPU
		{37EF22DF-2F2B-4AC3-925E-BE55C32870B6}.Debug|Any CPU.Build.0 = Debug|Any CPU
		{37EF22DF-2F2B-4AC3-925E-BE55C32870B6}.Release|Any CPU.ActiveCfg = Release|Any CPU
		{37EF22DF-2F2B-4AC3-925E-BE55C32870B6}.Release|Any CPU.Build.0 = Release|Any CPU
		{C747C8F2-1688-409A-9BFC-84BF19C3BBD4}.Debug|Any CPU.ActiveCfg = Debug|Any CPU
		{C747C8F2-1688-409A-9BFC-84BF19C3BBD4}.Debug|Any CPU.Build.0 = Debug|Any CPU
		{C747C8F2-1688-409A-9BFC-84BF19C3BBD4}.Release|Any CPU.ActiveCfg = Release|Any CPU
		{C747C8F2-1688-409A-9BFC-84BF19C3BBD4}.Release|Any CPU.Build.0 = Release|Any CPU
		{386A860A-C004-44F0-AF73-448B0040B340}.Debug|Any CPU.ActiveCfg = Debug|Any CPU
		{386A860A-C004-44F0-AF73-448B0040B340}.Debug|Any CPU.Build.0 = Debug|Any CPU
		{386A860A-C004-44F0-AF73-448B0040B340}.Release|Any CPU.ActiveCfg = Release|Any CPU
		{386A860A-C004-44F0-AF73-448B0040B340}.Release|Any CPU.Build.0 = Release|Any CPU
		{E4CD8483-6EC6-49A4-8203-C8BF84DC8865}.Debug|Any CPU.ActiveCfg = Debug|Any CPU
		{E4CD8483-6EC6-49A4-8203-C8BF84DC8865}.Debug|Any CPU.Build.0 = Debug|Any CPU
		{E4CD8483-6EC6-49A4-8203-C8BF84DC8865}.Release|Any CPU.ActiveCfg = Release|Any CPU
		{E4CD8483-6EC6-49A4-8203-C8BF84DC8865}.Release|Any CPU.Build.0 = Release|Any CPU
		{9012878D-43D7-4CDF-B0E9-3A9CDC19F03E}.Debug|Any CPU.ActiveCfg = Debug|Any CPU
		{9012878D-43D7-4CDF-B0E9-3A9CDC19F03E}.Debug|Any CPU.Build.0 = Debug|Any CPU
		{9012878D-43D7-4CDF-B0E9-3A9CDC19F03E}.Release|Any CPU.ActiveCfg = Release|Any CPU
		{9012878D-43D7-4CDF-B0E9-3A9CDC19F03E}.Release|Any CPU.Build.0 = Release|Any CPU
		{6985714D-2CE3-4273-A6B4-F384E036653D}.Debug|Any CPU.ActiveCfg = Debug|Any CPU
		{6985714D-2CE3-4273-A6B4-F384E036653D}.Debug|Any CPU.Build.0 = Debug|Any CPU
		{6985714D-2CE3-4273-A6B4-F384E036653D}.Release|Any CPU.ActiveCfg = Release|Any CPU
		{6985714D-2CE3-4273-A6B4-F384E036653D}.Release|Any CPU.Build.0 = Release|Any CPU
		{B15650F5-683A-4FFE-8EAB-432757DE180D}.Debug|Any CPU.ActiveCfg = Debug|Any CPU
		{B15650F5-683A-4FFE-8EAB-432757DE180D}.Debug|Any CPU.Build.0 = Debug|Any CPU
		{B15650F5-683A-4FFE-8EAB-432757DE180D}.Release|Any CPU.ActiveCfg = Release|Any CPU
		{B15650F5-683A-4FFE-8EAB-432757DE180D}.Release|Any CPU.Build.0 = Release|Any CPU
	EndGlobalSection
	GlobalSection(SolutionProperties) = preSolution
		HideSolutionNode = FALSE
	EndGlobalSection
	GlobalSection(NestedProjects) = preSolution
		{7C7BE540-5604-49F4-A7B0-7FBBF9F53AC7} = {AB84B225-068E-4DD9-B4C5-AA1ABC203683}
		{19F0EE52-5571-4714-9BB8-74427C0C1159} = {D6CC07C8-A46E-4637-B29D-DAAB5E6CC315}
		{2AE17D11-79B9-4ADB-B2CF-AF2C4F2578D6} = {D6CC07C8-A46E-4637-B29D-DAAB5E6CC315}
		{831FDB71-B281-46B5-92DA-CA27A2909676} = {D6CC07C8-A46E-4637-B29D-DAAB5E6CC315}
		{798FD98A-A511-460B-B32E-3C1E911DADA3} = {43C12CB9-6ADD-4466-A814-DAE6CB3ED686}
		{213160C0-CEF8-4B2D-9A5B-CFD569EED4FD} = {CC844C1C-FB07-4044-AB2B-102CA7B6E78B}
		{112BF900-0126-438C-A7CF-B00D5839D39D} = {CC844C1C-FB07-4044-AB2B-102CA7B6E78B}
		{33BD9111-22D3-45B6-A64A-7106092FCC08} = {CC844C1C-FB07-4044-AB2B-102CA7B6E78B}
		{F1F8EC61-F052-4942-BC89-4AE92E30C35E} = {CC844C1C-FB07-4044-AB2B-102CA7B6E78B}
		{37EF22DF-2F2B-4AC3-925E-BE55C32870B6} = {CC844C1C-FB07-4044-AB2B-102CA7B6E78B}
		{C747C8F2-1688-409A-9BFC-84BF19C3BBD4} = {B34368CA-40CF-4449-8DA9-7837FE20A6E7}
		{386A860A-C004-44F0-AF73-448B0040B340} = {B34368CA-40CF-4449-8DA9-7837FE20A6E7}
		{E4CD8483-6EC6-49A4-8203-C8BF84DC8865} = {43C12CB9-6ADD-4466-A814-DAE6CB3ED686}
		{9012878D-43D7-4CDF-B0E9-3A9CDC19F03E} = {43C12CB9-6ADD-4466-A814-DAE6CB3ED686}
		{6985714D-2CE3-4273-A6B4-F384E036653D} = {4CC28EC2-78D4-4435-8C42-FBBBACD2192B}
		{B15650F5-683A-4FFE-8EAB-432757DE180D} = {75342261-BE61-4DC0-9BCF-F48C76AB182C}
	EndGlobalSection
	GlobalSection(ExtensibilityGlobals) = postSolution
		SolutionGuid = {04157A0E-50C5-4DA0-8241-0FAAD606B1AA}
	EndGlobalSection
EndGlobal
