
Microsoft Visual Studio Solution File, Format Version 12.00
# Visual Studio Version 17
VisualStudioVersion = 17.4.33205.214
MinimumVisualStudioVersion = 10.0.40219.1
Project("{2150E333-8FDC-42A3-9474-1A3956D46DE8}") = "01 Kintamieji", "01 Kintamieji", "{AB84B225-068E-4DD9-B4C5-AA1ABC203683}"
EndProject
Project("{FAE04EC0-301F-11D3-BF4B-00C04F79EFBC}") = "Kintamieji", "Kintamieji\Kintamieji.csproj", "{7C7BE540-5604-49F4-A7B0-7FBBF9F53AC7}"
EndProject
Project("{2150E333-8FDC-42A3-9474-1A3956D46DE8}") = "02 Isvedimas", "02 Isvedimas", "{D6CC07C8-A46E-4637-B29D-DAAB5E6CC315}"
EndProject
Project("{FAE04EC0-301F-11D3-BF4B-00C04F79EFBC}") = "IsvedimasDemo", "Demo\IsvedimasDemo.csproj", "{19F0EE52-5571-4714-9BB8-74427C0C1159}"
EndProject
Project("{FAE04EC0-301F-11D3-BF4B-00C04F79EFBC}") = "Uzduotis01", "Uzduotis01\Uzduotis01.csproj", "{2AE17D11-79B9-4ADB-B2CF-AF2C4F2578D6}"
EndProject
Project("{FAE04EC0-301F-11D3-BF4B-00C04F79EFBC}") = "Uzduotis04", "Uzduotis04\Uzduotis04.csproj", "{831FDB71-B281-46B5-92DA-CA27A2909676}"
EndProject
Project("{2150E333-8FDC-42A3-9474-1A3956D46DE8}") = "03 Ivedimas", "03 Ivedimas", "{43C12CB9-6ADD-4466-A814-DAE6CB3ED686}"
EndProject
Project("{FAE04EC0-301F-11D3-BF4B-00C04F79EFBC}") = "IvedimasDemo", "IvedimasDemo\IvedimasDemo.csproj", "{798FD98A-A511-460B-B32E-3C1E911DADA3}"
EndProject
Project("{2150E333-8FDC-42A3-9474-1A3956D46DE8}") = "04 If salyga", "04 If salyga", "{CC844C1C-FB07-4044-AB2B-102CA7B6E78B}"
EndProject
Project("{FAE04EC0-301F-11D3-BF4B-00C04F79EFBC}") = "IfSalygaDemo", "IfSalygaDemo\IfSalygaDemo.csproj", "{213160C0-CEF8-4B2D-9A5B-CFD569EED4FD}"
EndProject
Global
	GlobalSection(SolutionConfigurationPlatforms) = preSolution
		Debug|Any CPU = Debug|Any CPU
		Release|Any CPU = Release|Any CPU
	EndGlobalSection
	GlobalSection(ProjectConfigurationPlatforms) = postSolution
		{7C7BE540-5604-49F4-A7B0-7FBBF9F53AC7}.Debug|Any CPU.ActiveCfg = Debug|Any CPU
		{7C7BE540-5604-49F4-A7B0-7FBBF9F53AC7}.Debug|Any CPU.Build.0 = Debug|Any CPU
		{7C7BE540-5604-49F4-A7B0-7FBBF9F53AC7}.Release|Any CPU.ActiveCfg = Release|Any CPU
		{7C7BE540-5604-49F4-A7B0-7FBBF9F53AC7}.Release|Any CPU.Build.0 = Release|Any CPU
		{19F0EE52-5571-4714-9BB8-74427C0C1159}.Debug|Any CPU.ActiveCfg = Debug|Any CPU
		{19F0EE52-5571-4714-9BB8-74427C0C1159}.Debug|Any CPU.Build.0 = Debug|Any CPU
		{19F0EE52-5571-4714-9BB8-74427C0C1159}.Release|Any CPU.ActiveCfg = Release|Any CPU
		{19F0EE52-5571-4714-9BB8-74427C0C1159}.Release|Any CPU.Build.0 = Release|Any CPU
		{2AE17D11-79B9-4ADB-B2CF-AF2C4F2578D6}.Debug|Any CPU.ActiveCfg = Debug|Any CPU
		{2AE17D11-79B9-4ADB-B2CF-AF2C4F2578D6}.Debug|Any CPU.Build.0 = Debug|Any CPU
		{2AE17D11-79B9-4ADB-B2CF-AF2C4F2578D6}.Release|Any CPU.ActiveCfg = Release|Any CPU
		{2AE17D11-79B9-4ADB-B2CF-AF2C4F2578D6}.Release|Any CPU.Build.0 = Release|Any CPU
		{831FDB71-B281-46B5-92DA-CA27A2909676}.Debug|Any CPU.ActiveCfg = Debug|Any CPU
		{831FDB71-B281-46B5-92DA-CA27A2909676}.Debug|Any CPU.Build.0 = Debug|Any CPU
		{831FDB71-B281-46B5-92DA-CA27A2909676}.Release|Any CPU.ActiveCfg = Release|Any CPU
		{831FDB71-B281-46B5-92DA-CA27A2909676}.Release|Any CPU.Build.0 = Release|Any CPU
		{798FD98A-A511-460B-B32E-3C1E911DADA3}.Debug|Any CPU.ActiveCfg = Debug|Any CPU
		{798FD98A-A511-460B-B32E-3C1E911DADA3}.Debug|Any CPU.Build.0 = Debug|Any CPU
		{798FD98A-A511-460B-B32E-3C1E911DADA3}.Release|Any CPU.ActiveCfg = Release|Any CPU
		{798FD98A-A511-460B-B32E-3C1E911DADA3}.Release|Any CPU.Build.0 = Release|Any CPU
		{213160C0-CEF8-4B2D-9A5B-CFD569EED4FD}.Debug|Any CPU.ActiveCfg = Debug|Any CPU
		{213160C0-CEF8-4B2D-9A5B-CFD569EED4FD}.Debug|Any CPU.Build.0 = Debug|Any CPU
		{213160C0-CEF8-4B2D-9A5B-CFD569EED4FD}.Release|Any CPU.ActiveCfg = Release|Any CPU
		{213160C0-CEF8-4B2D-9A5B-CFD569EED4FD}.Release|Any CPU.Build.0 = Release|Any CPU
	EndGlobalSection
	GlobalSection(SolutionProperties) = preSolution
		HideSolutionNode = FALSE
	EndGlobalSection
	GlobalSection(NestedProjects) = preSolution
		{7C7BE540-5604-49F4-A7B0-7FBBF9F53AC7} = {AB84B225-068E-4DD9-B4C5-AA1ABC203683}
		{19F0EE52-5571-4714-9BB8-74427C0C1159} = {D6CC07C8-A46E-4637-B29D-DAAB5E6CC315}
		{2AE17D11-79B9-4ADB-B2CF-AF2C4F2578D6} = {D6CC07C8-A46E-4637-B29D-DAAB5E6CC315}
		{798FD98A-A511-460B-B32E-3C1E911DADA3} = {43C12CB9-6ADD-4466-A814-DAE6CB3ED686}
		{213160C0-CEF8-4B2D-9A5B-CFD569EED4FD} = {CC844C1C-FB07-4044-AB2B-102CA7B6E78B}
	EndGlobalSection
	GlobalSection(ExtensibilityGlobals) = postSolution
		SolutionGuid = {04157A0E-50C5-4DA0-8241-0FAAD606B1AA}
	EndGlobalSection
EndGlobal
